// !$*UTF8*$!
{
	archiveVersion = 1;
	classes = {
	};
	objectVersion = 56;
	objects = {

/* Begin PBXBuildFile section */
		426145A629CC95B00067CC5D /* TedX_DemoApp.swift in Sources */ = {isa = PBXBuildFile; fileRef = 426145A529CC95B00067CC5D /* TedX_DemoApp.swift */; };
		426145A829CC95B00067CC5D /* ContentView.swift in Sources */ = {isa = PBXBuildFile; fileRef = 426145A729CC95B00067CC5D /* ContentView.swift */; };
		426145AA29CC95B10067CC5D /* Assets.xcassets in Resources */ = {isa = PBXBuildFile; fileRef = 426145A929CC95B10067CC5D /* Assets.xcassets */; };
		426145AE29CC95B10067CC5D /* Preview Assets.xcassets in Resources */ = {isa = PBXBuildFile; fileRef = 426145AD29CC95B10067CC5D /* Preview Assets.xcassets */; };
		426145B829CC95B10067CC5D /* TedX_DemoTests.swift in Sources */ = {isa = PBXBuildFile; fileRef = 426145B729CC95B10067CC5D /* TedX_DemoTests.swift */; };
		426145C229CC95B10067CC5D /* TedX_DemoUITests.swift in Sources */ = {isa = PBXBuildFile; fileRef = 426145C129CC95B10067CC5D /* TedX_DemoUITests.swift */; };
		426145C429CC95B10067CC5D /* TedX_DemoUITestsLaunchTests.swift in Sources */ = {isa = PBXBuildFile; fileRef = 426145C329CC95B10067CC5D /* TedX_DemoUITestsLaunchTests.swift */; };
		426145D129CC9A410067CC5D /* Cell.swift in Sources */ = {isa = PBXBuildFile; fileRef = 426145D029CC9A410067CC5D /* Cell.swift */; };
		426145D329CCA0D50067CC5D /* Gamestate.swift in Sources */ = {isa = PBXBuildFile; fileRef = 426145D229CCA0D50067CC5D /* Gamestate.swift */; };
/* End PBXBuildFile section */

/* Begin PBXContainerItemProxy section */
		426145B429CC95B10067CC5D /* PBXContainerItemProxy */ = {
			isa = PBXContainerItemProxy;
			containerPortal = 4261459A29CC95B00067CC5D /* Project object */;
			proxyType = 1;
			remoteGlobalIDString = 426145A129CC95B00067CC5D;
			remoteInfo = "TedX Demo";
		};
		426145BE29CC95B10067CC5D /* PBXContainerItemProxy */ = {
			isa = PBXContainerItemProxy;
			containerPortal = 4261459A29CC95B00067CC5D /* Project object */;
			proxyType = 1;
			remoteGlobalIDString = 426145A129CC95B00067CC5D;
			remoteInfo = "TedX Demo";
		};
/* End PBXContainerItemProxy section */

/* Begin PBXFileReference section */
		426145A229CC95B00067CC5D /* TedX Demo.app */ = {isa = PBXFileReference; explicitFileType = wrapper.application; includeInIndex = 0; path = "TedX Demo.app"; sourceTree = BUILT_PRODUCTS_DIR; };
		426145A529CC95B00067CC5D /* TedX_DemoApp.swift */ = {isa = PBXFileReference; lastKnownFileType = sourcecode.swift; path = TedX_DemoApp.swift; sourceTree = "<group>"; };
		426145A729CC95B00067CC5D /* ContentView.swift */ = {isa = PBXFileReference; lastKnownFileType = sourcecode.swift; path = ContentView.swift; sourceTree = "<group>"; };
		426145A929CC95B10067CC5D /* Assets.xcassets */ = {isa = PBXFileReference; lastKnownFileType = folder.assetcatalog; path = Assets.xcassets; sourceTree = "<group>"; };
		426145AB29CC95B10067CC5D /* TedX_Demo.entitlements */ = {isa = PBXFileReference; lastKnownFileType = text.plist.entitlements; path = TedX_Demo.entitlements; sourceTree = "<group>"; };
		426145AD29CC95B10067CC5D /* Preview Assets.xcassets */ = {isa = PBXFileReference; lastKnownFileType = folder.assetcatalog; path = "Preview Assets.xcassets"; sourceTree = "<group>"; };
		426145B329CC95B10067CC5D /* TedX DemoTests.xctest */ = {isa = PBXFileReference; explicitFileType = wrapper.cfbundle; includeInIndex = 0; path = "TedX DemoTests.xctest"; sourceTree = BUILT_PRODUCTS_DIR; };
		426145B729CC95B10067CC5D /* TedX_DemoTests.swift */ = {isa = PBXFileReference; lastKnownFileType = sourcecode.swift; path = TedX_DemoTests.swift; sourceTree = "<group>"; };
		426145BD29CC95B10067CC5D /* TedX DemoUITests.xctest */ = {isa = PBXFileReference; explicitFileType = wrapper.cfbundle; includeInIndex = 0; path = "TedX DemoUITests.xctest"; sourceTree = BUILT_PRODUCTS_DIR; };
		426145C129CC95B10067CC5D /* TedX_DemoUITests.swift */ = {isa = PBXFileReference; lastKnownFileType = sourcecode.swift; path = TedX_DemoUITests.swift; sourceTree = "<group>"; };
		426145C329CC95B10067CC5D /* TedX_DemoUITestsLaunchTests.swift */ = {isa = PBXFileReference; lastKnownFileType = sourcecode.swift; path = TedX_DemoUITestsLaunchTests.swift; sourceTree = "<group>"; };
		426145D029CC9A410067CC5D /* Cell.swift */ = {isa = PBXFileReference; lastKnownFileType = sourcecode.swift; path = Cell.swift; sourceTree = "<group>"; };
		426145D229CCA0D50067CC5D /* Gamestate.swift */ = {isa = PBXFileReference; lastKnownFileType = sourcecode.swift; path = Gamestate.swift; sourceTree = "<group>"; };
/* End PBXFileReference section */

/* Begin PBXFrameworksBuildPhase section */
		4261459F29CC95B00067CC5D /* Frameworks */ = {
			isa = PBXFrameworksBuildPhase;
			buildActionMask = 2147483647;
			files = (
			);
			runOnlyForDeploymentPostprocessing = 0;
		};
		426145B029CC95B10067CC5D /* Frameworks */ = {
			isa = PBXFrameworksBuildPhase;
			buildActionMask = 2147483647;
			files = (
			);
			runOnlyForDeploymentPostprocessing = 0;
		};
		426145BA29CC95B10067CC5D /* Frameworks */ = {
			isa = PBXFrameworksBuildPhase;
			buildActionMask = 2147483647;
			files = (
			);
			runOnlyForDeploymentPostprocessing = 0;
		};
/* End PBXFrameworksBuildPhase section */

/* Begin PBXGroup section */
		4261459929CC95B00067CC5D = {
			isa = PBXGroup;
			children = (
				426145A429CC95B00067CC5D /* TedX Demo */,
				426145B629CC95B10067CC5D /* TedX DemoTests */,
				426145C029CC95B10067CC5D /* TedX DemoUITests */,
				426145A329CC95B00067CC5D /* Products */,
			);
			sourceTree = "<group>";
		};
		426145A329CC95B00067CC5D /* Products */ = {
			isa = PBXGroup;
			children = (
				426145A229CC95B00067CC5D /* TedX Demo.app */,
				426145B329CC95B10067CC5D /* TedX DemoTests.xctest */,
				426145BD29CC95B10067CC5D /* TedX DemoUITests.xctest */,
			);
			name = Products;
			sourceTree = "<group>";
		};
		426145A429CC95B00067CC5D /* TedX Demo */ = {
			isa = PBXGroup;
			children = (
				426145A529CC95B00067CC5D /* TedX_DemoApp.swift */,
				426145A729CC95B00067CC5D /* ContentView.swift */,
				426145D229CCA0D50067CC5D /* Gamestate.swift */,
				426145D029CC9A410067CC5D /* Cell.swift */,
				426145A929CC95B10067CC5D /* Assets.xcassets */,
				426145AB29CC95B10067CC5D /* TedX_Demo.entitlements */,
				426145AC29CC95B10067CC5D /* Preview Content */,
			);
			path = "TedX Demo";
			sourceTree = "<group>";
		};
		426145AC29CC95B10067CC5D /* Preview Content */ = {
			isa = PBXGroup;
			children = (
				426145AD29CC95B10067CC5D /* Preview Assets.xcassets */,
			);
			path = "Preview Content";
			sourceTree = "<group>";
		};
		426145B629CC95B10067CC5D /* TedX DemoTests */ = {
			isa = PBXGroup;
			children = (
				426145B729CC95B10067CC5D /* TedX_DemoTests.swift */,
			);
			path = "TedX DemoTests";
			sourceTree = "<group>";
		};
		426145C029CC95B10067CC5D /* TedX DemoUITests */ = {
			isa = PBXGroup;
			children = (
				426145C129CC95B10067CC5D /* TedX_DemoUITests.swift */,
				426145C329CC95B10067CC5D /* TedX_DemoUITestsLaunchTests.swift */,
			);
			path = "TedX DemoUITests";
			sourceTree = "<group>";
		};
/* End PBXGroup section */

/* Begin PBXNativeTarget section */
		426145A129CC95B00067CC5D /* TedX Demo */ = {
			isa = PBXNativeTarget;
			buildConfigurationList = 426145C729CC95B10067CC5D /* Build configuration list for PBXNativeTarget "TedX Demo" */;
			buildPhases = (
				4261459E29CC95B00067CC5D /* Sources */,
				4261459F29CC95B00067CC5D /* Frameworks */,
				426145A029CC95B00067CC5D /* Resources */,
			);
			buildRules = (
			);
			dependencies = (
			);
			name = "TedX Demo";
			productName = "TedX Demo";
			productReference = 426145A229CC95B00067CC5D /* TedX Demo.app */;
			productType = "com.apple.product-type.application";
		};
		426145B229CC95B10067CC5D /* TedX DemoTests */ = {
			isa = PBXNativeTarget;
			buildConfigurationList = 426145CA29CC95B10067CC5D /* Build configuration list for PBXNativeTarget "TedX DemoTests" */;
			buildPhases = (
				426145AF29CC95B10067CC5D /* Sources */,
				426145B029CC95B10067CC5D /* Frameworks */,
				426145B129CC95B10067CC5D /* Resources */,
			);
			buildRules = (
			);
			dependencies = (
				426145B529CC95B10067CC5D /* PBXTargetDependency */,
			);
			name = "TedX DemoTests";
			productName = "TedX DemoTests";
			productReference = 426145B329CC95B10067CC5D /* TedX DemoTests.xctest */;
			productType = "com.apple.product-type.bundle.unit-test";
		};
		426145BC29CC95B10067CC5D /* TedX DemoUITests */ = {
			isa = PBXNativeTarget;
			buildConfigurationList = 426145CD29CC95B10067CC5D /* Build configuration list for PBXNativeTarget "TedX DemoUITests" */;
			buildPhases = (
				426145B929CC95B10067CC5D /* Sources */,
				426145BA29CC95B10067CC5D /* Frameworks */,
				426145BB29CC95B10067CC5D /* Resources */,
			);
			buildRules = (
			);
			dependencies = (
				426145BF29CC95B10067CC5D /* PBXTargetDependency */,
			);
			name = "TedX DemoUITests";
			productName = "TedX DemoUITests";
			productReference = 426145BD29CC95B10067CC5D /* TedX DemoUITests.xctest */;
			productType = "com.apple.product-type.bundle.ui-testing";
		};
/* End PBXNativeTarget section */

/* Begin PBXProject section */
		4261459A29CC95B00067CC5D /* Project object */ = {
			isa = PBXProject;
			attributes = {
				BuildIndependentTargetsInParallel = 1;
				LastSwiftUpdateCheck = 1420;
				LastUpgradeCheck = 1420;
				TargetAttributes = {
					426145A129CC95B00067CC5D = {
						CreatedOnToolsVersion = 14.2;
					};
					426145B229CC95B10067CC5D = {
						CreatedOnToolsVersion = 14.2;
						TestTargetID = 426145A129CC95B00067CC5D;
					};
					426145BC29CC95B10067CC5D = {
						CreatedOnToolsVersion = 14.2;
						TestTargetID = 426145A129CC95B00067CC5D;
					};
				};
			};
			buildConfigurationList = 4261459D29CC95B00067CC5D /* Build configuration list for PBXProject "TedX Demo" */;
			compatibilityVersion = "Xcode 14.0";
			developmentRegion = en;
			hasScannedForEncodings = 0;
			knownRegions = (
				en,
				Base,
			);
			mainGroup = 4261459929CC95B00067CC5D;
			productRefGroup = 426145A329CC95B00067CC5D /* Products */;
			projectDirPath = "";
			projectRoot = "";
			targets = (
				426145A129CC95B00067CC5D /* TedX Demo */,
				426145B229CC95B10067CC5D /* TedX DemoTests */,
				426145BC29CC95B10067CC5D /* TedX DemoUITests */,
			);
		};
/* End PBXProject section */

/* Begin PBXResourcesBuildPhase section */
		426145A029CC95B00067CC5D /* Resources */ = {
			isa = PBXResourcesBuildPhase;
			buildActionMask = 2147483647;
			files = (
				426145AE29CC95B10067CC5D /* Preview Assets.xcassets in Resources */,
				426145AA29CC95B10067CC5D /* Assets.xcassets in Resources */,
			);
			runOnlyForDeploymentPostprocessing = 0;
		};
		426145B129CC95B10067CC5D /* Resources */ = {
			isa = PBXResourcesBuildPhase;
			buildActionMask = 2147483647;
			files = (
			);
			runOnlyForDeploymentPostprocessing = 0;
		};
		426145BB29CC95B10067CC5D /* Resources */ = {
			isa = PBXResourcesBuildPhase;
			buildActionMask = 2147483647;
			files = (
			);
			runOnlyForDeploymentPostprocessing = 0;
		};
/* End PBXResourcesBuildPhase section */

/* Begin PBXSourcesBuildPhase section */
		4261459E29CC95B00067CC5D /* Sources */ = {
			isa = PBXSourcesBuildPhase;
			buildActionMask = 2147483647;
			files = (
				426145A829CC95B00067CC5D /* ContentView.swift in Sources */,
				426145D329CCA0D50067CC5D /* Gamestate.swift in Sources */,
				426145A629CC95B00067CC5D /* TedX_DemoApp.swift in Sources */,
				426145D129CC9A410067CC5D /* Cell.swift in Sources */,
			);
			runOnlyForDeploymentPostprocessing = 0;
		};
		426145AF29CC95B10067CC5D /* Sources */ = {
			isa = PBXSourcesBuildPhase;
			buildActionMask = 2147483647;
			files = (
				426145B829CC95B10067CC5D /* TedX_DemoTests.swift in Sources */,
			);
			runOnlyForDeploymentPostprocessing = 0;
		};
		426145B929CC95B10067CC5D /* Sources */ = {
			isa = PBXSourcesBuildPhase;
			buildActionMask = 2147483647;
			files = (
				426145C429CC95B10067CC5D /* TedX_DemoUITestsLaunchTests.swift in Sources */,
				426145C229CC95B10067CC5D /* TedX_DemoUITests.swift in Sources */,
			);
			runOnlyForDeploymentPostprocessing = 0;
		};
/* End PBXSourcesBuildPhase section */

/* Begin PBXTargetDependency section */
		426145B529CC95B10067CC5D /* PBXTargetDependency */ = {
			isa = PBXTargetDependency;
			target = 426145A129CC95B00067CC5D /* TedX Demo */;
			targetProxy = 426145B429CC95B10067CC5D /* PBXContainerItemProxy */;
		};
		426145BF29CC95B10067CC5D /* PBXTargetDependency */ = {
			isa = PBXTargetDependency;
			target = 426145A129CC95B00067CC5D /* TedX Demo */;
			targetProxy = 426145BE29CC95B10067CC5D /* PBXContainerItemProxy */;
		};
/* End PBXTargetDependency section */

/* Begin XCBuildConfiguration section */
		426145C529CC95B10067CC5D /* Debug */ = {
			isa = XCBuildConfiguration;
			buildSettings = {
				ALWAYS_SEARCH_USER_PATHS = NO;
				CLANG_ANALYZER_NONNULL = YES;
				CLANG_ANALYZER_NUMBER_OBJECT_CONVERSION = YES_AGGRESSIVE;
				CLANG_CXX_LANGUAGE_STANDARD = "gnu++20";
				CLANG_ENABLE_MODULES = YES;
				CLANG_ENABLE_OBJC_ARC = YES;
				CLANG_ENABLE_OBJC_WEAK = YES;
				CLANG_WARN_BLOCK_CAPTURE_AUTORELEASING = YES;
				CLANG_WARN_BOOL_CONVERSION = YES;
				CLANG_WARN_COMMA = YES;
				CLANG_WARN_CONSTANT_CONVERSION = YES;
				CLANG_WARN_DEPRECATED_OBJC_IMPLEMENTATIONS = YES;
				CLANG_WARN_DIRECT_OBJC_ISA_USAGE = YES_ERROR;
				CLANG_WARN_DOCUMENTATION_COMMENTS = YES;
				CLANG_WARN_EMPTY_BODY = YES;
				CLANG_WARN_ENUM_CONVERSION = YES;
				CLANG_WARN_INFINITE_RECURSION = YES;
				CLANG_WARN_INT_CONVERSION = YES;
				CLANG_WARN_NON_LITERAL_NULL_CONVERSION = YES;
				CLANG_WARN_OBJC_IMPLICIT_RETAIN_SELF = YES;
				CLANG_WARN_OBJC_LITERAL_CONVERSION = YES;
				CLANG_WARN_OBJC_ROOT_CLASS = YES_ERROR;
				CLANG_WARN_QUOTED_INCLUDE_IN_FRAMEWORK_HEADER = YES;
				CLANG_WARN_RANGE_LOOP_ANALYSIS = YES;
				CLANG_WARN_STRICT_PROTOTYPES = YES;
				CLANG_WARN_SUSPICIOUS_MOVE = YES;
				CLANG_WARN_UNGUARDED_AVAILABILITY = YES_AGGRESSIVE;
				CLANG_WARN_UNREACHABLE_CODE = YES;
				CLANG_WARN__DUPLICATE_METHOD_MATCH = YES;
				COPY_PHASE_STRIP = NO;
				DEBUG_INFORMATION_FORMAT = dwarf;
				ENABLE_STRICT_OBJC_MSGSEND = YES;
				ENABLE_TESTABILITY = YES;
				GCC_C_LANGUAGE_STANDARD = gnu11;
				GCC_DYNAMIC_NO_PIC = NO;
				GCC_NO_COMMON_BLOCKS = YES;
				GCC_OPTIMIZATION_LEVEL = 0;
				GCC_PREPROCESSOR_DEFINITIONS = (
					"DEBUG=1",
					"$(inherited)",
				);
				GCC_WARN_64_TO_32_BIT_CONVERSION = YES;
				GCC_WARN_ABOUT_RETURN_TYPE = YES_ERROR;
				GCC_WARN_UNDECLARED_SELECTOR = YES;
				GCC_WARN_UNINITIALIZED_AUTOS = YES_AGGRESSIVE;
				GCC_WARN_UNUSED_FUNCTION = YES;
				GCC_WARN_UNUSED_VARIABLE = YES;
				MTL_ENABLE_DEBUG_INFO = INCLUDE_SOURCE;
				MTL_FAST_MATH = YES;
				ONLY_ACTIVE_ARCH = YES;
				SWIFT_ACTIVE_COMPILATION_CONDITIONS = DEBUG;
				SWIFT_OPTIMIZATION_LEVEL = "-Onone";
			};
			name = Debug;
		};
		426145C629CC95B10067CC5D /* Release */ = {
			isa = XCBuildConfiguration;
			buildSettings = {
				ALWAYS_SEARCH_USER_PATHS = NO;
				CLANG_ANALYZER_NONNULL = YES;
				CLANG_ANALYZER_NUMBER_OBJECT_CONVERSION = YES_AGGRESSIVE;
				CLANG_CXX_LANGUAGE_STANDARD = "gnu++20";
				CLANG_ENABLE_MODULES = YES;
				CLANG_ENABLE_OBJC_ARC = YES;
				CLANG_ENABLE_OBJC_WEAK = YES;
				CLANG_WARN_BLOCK_CAPTURE_AUTORELEASING = YES;
				CLANG_WARN_BOOL_CONVERSION = YES;
				CLANG_WARN_COMMA = YES;
				CLANG_WARN_CONSTANT_CONVERSION = YES;
				CLANG_WARN_DEPRECATED_OBJC_IMPLEMENTATIONS = YES;
				CLANG_WARN_DIRECT_OBJC_ISA_USAGE = YES_ERROR;
				CLANG_WARN_DOCUMENTATION_COMMENTS = YES;
				CLANG_WARN_EMPTY_BODY = YES;
				CLANG_WARN_ENUM_CONVERSION = YES;
				CLANG_WARN_INFINITE_RECURSION = YES;
				CLANG_WARN_INT_CONVERSION = YES;
				CLANG_WARN_NON_LITERAL_NULL_CONVERSION = YES;
				CLANG_WARN_OBJC_IMPLICIT_RETAIN_SELF = YES;
				CLANG_WARN_OBJC_LITERAL_CONVERSION = YES;
				CLANG_WARN_OBJC_ROOT_CLASS = YES_ERROR;
				CLANG_WARN_QUOTED_INCLUDE_IN_FRAMEWORK_HEADER = YES;
				CLANG_WARN_RANGE_LOOP_ANALYSIS = YES;
				CLANG_WARN_STRICT_PROTOTYPES = YES;
				CLANG_WARN_SUSPICIOUS_MOVE = YES;
				CLANG_WARN_UNGUARDED_AVAILABILITY = YES_AGGRESSIVE;
				CLANG_WARN_UNREACHABLE_CODE = YES;
				CLANG_WARN__DUPLICATE_METHOD_MATCH = YES;
				COPY_PHASE_STRIP = NO;
				DEBUG_INFORMATION_FORMAT = "dwarf-with-dsym";
				ENABLE_NS_ASSERTIONS = NO;
				ENABLE_STRICT_OBJC_MSGSEND = YES;
				GCC_C_LANGUAGE_STANDARD = gnu11;
				GCC_NO_COMMON_BLOCKS = YES;
				GCC_WARN_64_TO_32_BIT_CONVERSION = YES;
				GCC_WARN_ABOUT_RETURN_TYPE = YES_ERROR;
				GCC_WARN_UNDECLARED_SELECTOR = YES;
				GCC_WARN_UNINITIALIZED_AUTOS = YES_AGGRESSIVE;
				GCC_WARN_UNUSED_FUNCTION = YES;
				GCC_WARN_UNUSED_VARIABLE = YES;
				MTL_ENABLE_DEBUG_INFO = NO;
				MTL_FAST_MATH = YES;
				SWIFT_COMPILATION_MODE = wholemodule;
				SWIFT_OPTIMIZATION_LEVEL = "-O";
			};
			name = Release;
		};
		426145C829CC95B10067CC5D /* Debug */ = {
			isa = XCBuildConfiguration;
			buildSettings = {
				ASSETCATALOG_COMPILER_APPICON_NAME = AppIcon;
				ASSETCATALOG_COMPILER_GLOBAL_ACCENT_COLOR_NAME = AccentColor;
				CODE_SIGN_ENTITLEMENTS = "TedX Demo/TedX_Demo.entitlements";
				CODE_SIGN_STYLE = Automatic;
				CURRENT_PROJECT_VERSION = 1;
				DEVELOPMENT_ASSET_PATHS = "\"TedX Demo/Preview Content\"";
				DEVELOPMENT_TEAM = PA5XN2X233;
				ENABLE_HARDENED_RUNTIME = YES;
				ENABLE_PREVIEWS = YES;
				GENERATE_INFOPLIST_FILE = YES;
				"INFOPLIST_KEY_UIApplicationSceneManifest_Generation[sdk=iphoneos*]" = YES;
				"INFOPLIST_KEY_UIApplicationSceneManifest_Generation[sdk=iphonesimulator*]" = YES;
				"INFOPLIST_KEY_UIApplicationSupportsIndirectInputEvents[sdk=iphoneos*]" = YES;
				"INFOPLIST_KEY_UIApplicationSupportsIndirectInputEvents[sdk=iphonesimulator*]" = YES;
				"INFOPLIST_KEY_UILaunchScreen_Generation[sdk=iphoneos*]" = YES;
				"INFOPLIST_KEY_UILaunchScreen_Generation[sdk=iphonesimulator*]" = YES;
				"INFOPLIST_KEY_UIStatusBarStyle[sdk=iphoneos*]" = UIStatusBarStyleDefault;
				"INFOPLIST_KEY_UIStatusBarStyle[sdk=iphonesimulator*]" = UIStatusBarStyleDefault;
				INFOPLIST_KEY_UISupportedInterfaceOrientations_iPad = "UIInterfaceOrientationPortrait UIInterfaceOrientationPortraitUpsideDown UIInterfaceOrientationLandscapeLeft UIInterfaceOrientationLandscapeRight";
				INFOPLIST_KEY_UISupportedInterfaceOrientations_iPhone = "UIInterfaceOrientationPortrait UIInterfaceOrientationLandscapeLeft UIInterfaceOrientationLandscapeRight";
				IPHONEOS_DEPLOYMENT_TARGET = 16.2;
				LD_RUNPATH_SEARCH_PATHS = "@executable_path/Frameworks";
				"LD_RUNPATH_SEARCH_PATHS[sdk=macosx*]" = "@executable_path/../Frameworks";
				MACOSX_DEPLOYMENT_TARGET = 13.0;
				MARKETING_VERSION = 1.0;
				PRODUCT_BUNDLE_IDENTIFIER = "StumiTeam.TedX-Demo";
				PRODUCT_NAME = "$(TARGET_NAME)";
				SDKROOT = auto;
				SUPPORTED_PLATFORMS = "iphoneos iphonesimulator macosx";
				SWIFT_EMIT_LOC_STRINGS = YES;
				SWIFT_VERSION = 5.0;
				TARGETED_DEVICE_FAMILY = "1,2";
			};
			name = Debug;
		};
		426145C929CC95B10067CC5D /* Release */ = {
			isa = XCBuildConfiguration;
			buildSettings = {
				ASSETCATALOG_COMPILER_APPICON_NAME = AppIcon;
				ASSETCATALOG_COMPILER_GLOBAL_ACCENT_COLOR_NAME = AccentColor;
				CODE_SIGN_ENTITLEMENTS = "TedX Demo/TedX_Demo.entitlements";
				CODE_SIGN_STYLE = Automatic;
				CURRENT_PROJECT_VERSION = 1;
				DEVELOPMENT_ASSET_PATHS = "\"TedX Demo/Preview Content\"";
				DEVELOPMENT_TEAM = PA5XN2X233;
				ENABLE_HARDENED_RUNTIME = YES;
				ENABLE_PREVIEWS = YES;
				GENERATE_INFOPLIST_FILE = YES;
				"INFOPLIST_KEY_UIApplicationSceneManifest_Generation[sdk=iphoneos*]" = YES;
				"INFOPLIST_KEY_UIApplicationSceneManifest_Generation[sdk=iphonesimulator*]" = YES;
				"INFOPLIST_KEY_UIApplicationSupportsIndirectInputEvents[sdk=iphoneos*]" = YES;
				"INFOPLIST_KEY_UIApplicationSupportsIndirectInputEvents[sdk=iphonesimulator*]" = YES;
				"INFOPLIST_KEY_UILaunchScreen_Generation[sdk=iphoneos*]" = YES;
				"INFOPLIST_KEY_UILaunchScreen_Generation[sdk=iphonesimulator*]" = YES;
				"INFOPLIST_KEY_UIStatusBarStyle[sdk=iphoneos*]" = UIStatusBarStyleDefault;
				"INFOPLIST_KEY_UIStatusBarStyle[sdk=iphonesimulator*]" = UIStatusBarStyleDefault;
				INFOPLIST_KEY_UISupportedInterfaceOrientations_iPad = "UIInterfaceOrientationPortrait UIInterfaceOrientationPortraitUpsideDown UIInterfaceOrientationLandscapeLeft UIInterfaceOrientationLandscapeRight";
				INFOPLIST_KEY_UISupportedInterfaceOrientations_iPhone = "UIInterfaceOrientationPortrait UIInterfaceOrientationLandscapeLeft UIInterfaceOrientationLandscapeRight";
				IPHONEOS_DEPLOYMENT_TARGET = 16.2;
				LD_RUNPATH_SEARCH_PATHS = "@executable_path/Frameworks";
				"LD_RUNPATH_SEARCH_PATHS[sdk=macosx*]" = "@executable_path/../Frameworks";
				MACOSX_DEPLOYMENT_TARGET = 13.0;
				MARKETING_VERSION = 1.0;
				PRODUCT_BUNDLE_IDENTIFIER = "StumiTeam.TedX-Demo";
				PRODUCT_NAME = "$(TARGET_NAME)";
				SDKROOT = auto;
				SUPPORTED_PLATFORMS = "iphoneos iphonesimulator macosx";
				SWIFT_EMIT_LOC_STRINGS = YES;
				SWIFT_VERSION = 5.0;
				TARGETED_DEVICE_FAMILY = "1,2";
			};
			name = Release;
		};
		426145CB29CC95B10067CC5D /* Debug */ = {
			isa = XCBuildConfiguration;
			buildSettings = {
				ALWAYS_EMBED_SWIFT_STANDARD_LIBRARIES = YES;
				BUNDLE_LOADER = "$(TEST_HOST)";
				CODE_SIGN_STYLE = Automatic;
				CURRENT_PROJECT_VERSION = 1;
				DEVELOPMENT_TEAM = PA5XN2X233;
				GENERATE_INFOPLIST_FILE = YES;
				IPHONEOS_DEPLOYMENT_TARGET = 16.2;
				MACOSX_DEPLOYMENT_TARGET = 13.0;
				MARKETING_VERSION = 1.0;
				PRODUCT_BUNDLE_IDENTIFIER = "StumiTeam.TedX-DemoTests";
				PRODUCT_NAME = "$(TARGET_NAME)";
				SDKROOT = auto;
				SUPPORTED_PLATFORMS = "iphoneos iphonesimulator macosx";
				SWIFT_EMIT_LOC_STRINGS = NO;
				SWIFT_VERSION = 5.0;
				TARGETED_DEVICE_FAMILY = "1,2";
				TEST_HOST = "$(BUILT_PRODUCTS_DIR)/TedX Demo.app/$(BUNDLE_EXECUTABLE_FOLDER_PATH)/TedX Demo";
			};
			name = Debug;
		};
		426145CC29CC95B10067CC5D /* Release */ = {
			isa = XCBuildConfiguration;
			buildSettings = {
				ALWAYS_EMBED_SWIFT_STANDARD_LIBRARIES = YES;
				BUNDLE_LOADER = "$(TEST_HOST)";
				CODE_SIGN_STYLE = Automatic;
				CURRENT_PROJECT_VERSION = 1;
				DEVELOPMENT_TEAM = PA5XN2X233;
				GENERATE_INFOPLIST_FILE = YES;
				IPHONEOS_DEPLOYMENT_TARGET = 16.2;
				MACOSX_DEPLOYMENT_TARGET = 13.0;
				MARKETING_VERSION = 1.0;
				PRODUCT_BUNDLE_IDENTIFIER = "StumiTeam.TedX-DemoTests";
				PRODUCT_NAME = "$(TARGET_NAME)";
				SDKROOT = auto;
				SUPPORTED_PLATFORMS = "iphoneos iphonesimulator macosx";
				SWIFT_EMIT_LOC_STRINGS = NO;
				SWIFT_VERSION = 5.0;
				TARGETED_DEVICE_FAMILY = "1,2";
				TEST_HOST = "$(BUILT_PRODUCTS_DIR)/TedX Demo.app/$(BUNDLE_EXECUTABLE_FOLDER_PATH)/TedX Demo";
			};
			name = Release;
		};
		426145CE29CC95B10067CC5D /* Debug */ = {
			isa = XCBuildConfiguration;
			buildSettings = {
				ALWAYS_EMBED_SWIFT_STANDARD_LIBRARIES = YES;
				CODE_SIGN_STYLE = Automatic;
				CURRENT_PROJECT_VERSION = 1;
				DEVELOPMENT_TEAM = PA5XN2X233;
				GENERATE_INFOPLIST_FILE = YES;
				IPHONEOS_DEPLOYMENT_TARGET = 16.2;
				MACOSX_DEPLOYMENT_TARGET = 13.0;
				MARKETING_VERSION = 1.0;
				PRODUCT_BUNDLE_IDENTIFIER = "StumiTeam.TedX-DemoUITests";
				PRODUCT_NAME = "$(TARGET_NAME)";
				SDKROOT = auto;
				SUPPORTED_PLATFORMS = "iphoneos iphonesimulator macosx";
				SWIFT_EMIT_LOC_STRINGS = NO;
				SWIFT_VERSION = 5.0;
				TARGETED_DEVICE_FAMILY = "1,2";
				TEST_TARGET_NAME = "TedX Demo";
			};
			name = Debug;
		};
		426145CF29CC95B10067CC5D /* Release */ = {
			isa = XCBuildConfiguration;
			buildSettings = {
				ALWAYS_EMBED_SWIFT_STANDARD_LIBRARIES = YES;
				CODE_SIGN_STYLE = Automatic;
				CURRENT_PROJECT_VERSION = 1;
				DEVELOPMENT_TEAM = PA5XN2X233;
				GENERATE_INFOPLIST_FILE = YES;
				IPHONEOS_DEPLOYMENT_TARGET = 16.2;
				MACOSX_DEPLOYMENT_TARGET = 13.0;
				MARKETING_VERSION = 1.0;
				PRODUCT_BUNDLE_IDENTIFIER = "StumiTeam.TedX-DemoUITests";
				PRODUCT_NAME = "$(TARGET_NAME)";
				SDKROOT = auto;
				SUPPORTED_PLATFORMS = "iphoneos iphonesimulator macosx";
				SWIFT_EMIT_LOC_STRINGS = NO;
				SWIFT_VERSION = 5.0;
				TARGETED_DEVICE_FAMILY = "1,2";
				TEST_TARGET_NAME = "TedX Demo";
			};
			name = Release;
		};
/* End XCBuildConfiguration section */

/* Begin XCConfigurationList section */
		4261459D29CC95B00067CC5D /* Build configuration list for PBXProject "TedX Demo" */ = {
			isa = XCConfigurationList;
			buildConfigurations = (
				426145C529CC95B10067CC5D /* Debug */,
				426145C629CC95B10067CC5D /* Release */,
			);
			defaultConfigurationIsVisible = 0;
			defaultConfigurationName = Release;
		};
		426145C729CC95B10067CC5D /* Build configuration list for PBXNativeTarget "TedX Demo" */ = {
			isa = XCConfigurationList;
			buildConfigurations = (
				426145C829CC95B10067CC5D /* Debug */,
				426145C929CC95B10067CC5D /* Release */,
			);
			defaultConfigurationIsVisible = 0;
			defaultConfigurationName = Release;
		};
		426145CA29CC95B10067CC5D /* Build configuration list for PBXNativeTarget "TedX DemoTests" */ = {
			isa = XCConfigurationList;
			buildConfigurations = (
				426145CB29CC95B10067CC5D /* Debug */,
				426145CC29CC95B10067CC5D /* Release */,
			);
			defaultConfigurationIsVisible = 0;
			defaultConfigurationName = Release;
		};
		426145CD29CC95B10067CC5D /* Build configuration list for PBXNativeTarget "TedX DemoUITests" */ = {
			isa = XCConfigurationList;
			buildConfigurations = (
				426145CE29CC95B10067CC5D /* Debug */,
				426145CF29CC95B10067CC5D /* Release */,
			);
			defaultConfigurationIsVisible = 0;
			defaultConfigurationName = Release;
		};
/* End XCConfigurationList section */
	};
	rootObject = 4261459A29CC95B00067CC5D /* Project object */;
}
